{
  "name": "@xan105/vdf",
  "version": "0.1.0",
  "lockfileVersion": 3,
  "requires": true,
  "packages": {
    "": {
      "name": "@xan105/vdf",
      "version": "0.1.0",
      "funding": [
        {
          "type": "github",
          "url": "https://github.com/sponsors/xan105"
        },
        {
          "type": "paypal",
          "url": "https://www.paypal.me/xan105"
        },
        {
          "type": "patreon",
          "url": "https://www.patreon.com/xan105"
        }
      ],
      "license": "MIT",
      "dependencies": {
        "@xan105/error": "^1.6.1",
        "@xan105/is": "^2.8.2"
      },
      "devDependencies": {
        "@xan105/fs": "^2.2.0"
      },
      "engines": {
        "node": ">=18.0.0"
      }
    },
    "node_modules/@xan105/error": {
      "version": "1.6.1",
      "resolved": "https://registry.npmjs.org/@xan105/error/-/error-1.6.1.tgz",
      "integrity": "sha512-85PUTzZ08YfpMmBxx9UfkLrlEQBjyVw2kPqFeFYKlTEUFNzMH7MTAw4VZCEnuhBkKk7b2K6EWNBvwajC9f8tVw==",
      "funding": [
        {
          "type": "github",
          "url": "https://github.com/sponsors/xan105"
        },
        {
          "type": "paypal",
          "url": "https://www.paypal.me/xan105"
        },
        {
          "type": "patreon",
          "url": "https://www.patreon.com/xan105"
        }
      ],
      "engines": {
        "node": ">=16.0.0"
      }
    },
    "node_modules/@xan105/fs": {
      "version": "2.2.0",
      "resolved": "https://registry.npmjs.org/@xan105/fs/-/fs-2.2.0.tgz",
      "integrity": "sha512-b4RedN8SjNG3hdfrzPALmXJftb5WZeE9QNnwbgLvIJqHMn0EiwTK3xIyatkcKQYwC+qcNVnDS3nTEMKDRht0Dw==",
      "dev": true,
      "funding": [
        {
          "type": "github",
          "url": "https://github.com/sponsors/xan105"
        },
        {
          "type": "paypal",
          "url": "https://www.paypal.me/xan105"
        },
        {
          "type": "patreon",
          "url": "https://www.patreon.com/xan105"
        }
      ],
      "dependencies": {
        "@xan105/error": "^1.6.1",
        "@xan105/is": "^2.8.2"
      },
      "engines": {
        "node": ">=16.0.0"
      }
    },
    "node_modules/@xan105/is": {
      "version": "2.8.2",
      "resolved": "https://registry.npmjs.org/@xan105/is/-/is-2.8.2.tgz",
      "integrity": "sha512-WGpCd6omIy2oS+rZZVoer2Yu+CURFlLreiGnaYlb4LMlMFz8TF8SJhHCUslSe8hAJUGzmXr5/5YD2sFIw1mhNQ==",
      "funding": [
        {
          "type": "github",
          "url": "https://github.com/sponsors/xan105"
        },
        {
          "type": "paypal",
          "url": "https://www.paypal.me/xan105"
        },
        {
          "type": "patreon",
          "url": "https://www.patreon.com/xan105"
        }
      ],
      "dependencies": {
        "@xan105/error": "^1.6.1"
      },
      "engines": {
        "node": ">=16.0.0"
      }
    }
  }
}
